<?xml version="1.0" encoding="utf-8"?>
<Project DefaultTargets="Build" ToolsVersion="4.0" xmlns="http://schemas.microsoft.com/developer/msbuild/2003">
  <PropertyGroup>
    <Configuration Condition=" '$(Configuration)' == '' ">Debug</Configuration>
    <Platform Condition=" '$(Platform)' == '' ">AnyCPU</Platform>
    <ProductVersion>10.0.0</ProductVersion>
    <SchemaVersion>2.0</SchemaVersion>
    <ProjectGuid>{2ACF1EDB-9695-4D42-848E-87966DCCCF84}</ProjectGuid>
    <UseDefaultCompiler>true</UseDefaultCompiler>
    <PreferOneStepBuild>true</PreferOneStepBuild>
    <Compiler>DMD2</Compiler>
    <BaseDirectory>Build</BaseDirectory>
    <IncrementalLinking>true</IncrementalLinking>
    <Includes>
      <Includes>
        <Path>WindowsAPI</Path>
      </Includes>
    </Includes>
  </PropertyGroup>
  <PropertyGroup Condition=" '$(Configuration)|$(Platform)' == 'Debug|AnyCPU' ">
    <DebugSymbols>true</DebugSymbols>
    <OutputPath>bin\Debug</OutputPath>
    <ObjectsDirectory>obj/Debug</ObjectsDirectory>
    <UnittestMode>false</UnittestMode>
    <OutputName>Build</OutputName>
    <Target>Executable</Target>
    <Externalconsole>true</Externalconsole>
    <DebugLevel>0</DebugLevel>
    <Libs>
      <Libs>
        <Lib>../bin/Debug/WindowsAPI.lib</Lib>
      </Libs>
    </Libs>
    <ExtraCompilerArguments>-m64</ExtraCompilerArguments>
  </PropertyGroup>
  <PropertyGroup Condition=" '$(Configuration)|$(Platform)' == 'Release|AnyCPU' ">
    <OutputPath>..\bin\Release</OutputPath>
    <Externalconsole>true</Externalconsole>
    <Target>Executable</Target>
    <OutputName>Build</OutputName>
    <UnittestMode>false</UnittestMode>
    <ObjectsDirectory>../obj/Release</ObjectsDirectory>
    <DebugLevel>0</DebugLevel>
  </PropertyGroup>
  <PropertyGroup Condition=" '$(Configuration)|$(Platform)' == 'Unittest|AnyCPU' ">
    <DebugSymbols>true</DebugSymbols>
    <OutputPath>..\bin\Unittest</OutputPath>
    <ObjectsDirectory>../obj/Unittest</ObjectsDirectory>
    <UnittestMode>true</UnittestMode>
    <OutputName>Build</OutputName>
    <Target>Executable</Target>
    <Externalconsole>true</Externalconsole>
    <DebugLevel>0</DebugLevel>
    <ExtraCompilerArguments>-m64</ExtraCompilerArguments>
    <Libs>
      <Libs>
        <Lib>../bin/Debug/WindowsAPI.lib</Lib>
      </Libs>
    </Libs>
  </PropertyGroup>
  <ItemGroup>
    <Compile Include="Build\Derelict3\import\derelict\opengl3\arb.d" />
    <Compile Include="Build\Derelict3\import\derelict\opengl3\cgl.d" />
    <Compile Include="Build\Derelict3\import\derelict\opengl3\constants.d" />
    <Compile Include="Build\Derelict3\import\derelict\opengl3\deprecatedConstants.d" />
    <Compile Include="Build\Derelict3\import\derelict\opengl3\deprecatedFunctions.d" />
    <Compile Include="Build\Derelict3\import\derelict\opengl3\ext.d" />
    <Compile Include="Build\Derelict3\import\derelict\opengl3\functions.d" />
    <Compile Include="Build\Derelict3\import\derelict\opengl3\gl.d" />
    <Compile Include="Build\Derelict3\import\derelict\opengl3\gl3.d" />
    <Compile Include="Build\Derelict3\import\derelict\opengl3\glx.d" />
    <Compile Include="Build\Derelict3\import\derelict\opengl3\glxext.d" />
    <Compile Include="Build\Derelict3\import\derelict\opengl3\internal.d" />
    <Compile Include="Build\Derelict3\import\derelict\opengl3\types.d" />
    <Compile Include="Build\Derelict3\import\derelict\opengl3\wgl.d" />
    <Compile Include="Build\Derelict3\import\derelict\opengl3\wglext.d" />
    <Compile Include="Build\Derelict3\import\derelict\util\exception.d" />
    <Compile Include="Build\Derelict3\import\derelict\util\loader.d" />
    <Compile Include="Build\Derelict3\import\derelict\util\sharedlib.d" />
    <Compile Include="Build\Derelict3\import\derelict\util\system.d" />
    <Compile Include="Build\Derelict3\import\derelict\util\wintypes.d" />
    <Compile Include="Build\Derelict3\import\derelict\util\xtypes.d" />
    <Compile Include="Build\doogle\window\window.d" />
    <Compile Include="Build\doogle\events\event.d" />
    <Compile Include="Build\doogle\events\types.d" />
    <Compile Include="Build\doogle\window\component.d" />
    <Compile Include="Build\doogle\platform.d" />
    <Compile Include="Build\doogle\window\context.d" />
    <Compile Include="Build\doogle\window\types.d" />
    <Compile Include="Build\doogle\window\window_win.d" />
    <Compile Include="Build\doogle\window\context_win.d" />
    <Compile Include="Build\test2.d" />
    <Compile Include="Build\doogle\math\vec2.d" />
    <Compile Include="Build\doogle\math\vec3.d" />
    <Compile Include="Build\doogle\math\vec4.d" />
    <Compile Include="Build\doogle\math\mat2.d" />
    <Compile Include="Build\doogle\math\mat3.d" />
    <Compile Include="Build\doogle\math\mat4.d" />
    <Compile Include="Build\doogle\math\all.d" />
  </ItemGroup>
  <ItemGroup>
    <Folder Include="Build\doogle\" />
    <Folder Include="Build\doogle\window\" />
    <Folder Include="Build\doogle\events\" />
    <Folder Include="Build\doogle\math\" />
  </ItemGroup>
</Project>
