
Microsoft Visual Studio Solution File, Format Version 11.00
# Visual Studio 2010
Project("{3947E667-4C90-4C3A-BEB9-7148D6FE0D7C}") = "Build_Posix", "Build_Posix.dproj", "{6DAA285D-B358-4149-A19C-2660BD1D61EF}"
EndProject
Project("{3947E667-4C90-4C3A-BEB9-7148D6FE0D7C}") = "Build_Windows", "Build_Windows.dproj", "{2ACF1EDB-9695-4D42-848E-87966DCCCF84}"
EndProject
Project("{3947E667-4C90-4C3A-BEB9-7148D6FE0D7C}") = "WindowsAPI", "WindowsAPI.dproj", "{127D7D60-C554-4FC7-A7F8-9A55BCEA2503}"
EndProject
Global
	GlobalSection(SolutionConfigurationPlatforms) = preSolution
		Debug|Any CPU = Debug|Any CPU
		Release|Any CPU = Release|Any CPU
		Unittest|Any CPU = Unittest|Any CPU
	EndGlobalSection
	GlobalSection(ProjectConfigurationPlatforms) = postSolution
		{127D7D60-C554-4FC7-A7F8-9A55BCEA2503}.Debug|Any CPU.ActiveCfg = Debug|Any CPU
		{127D7D60-C554-4FC7-A7F8-9A55BCEA2503}.Debug|Any CPU.Build.0 = Debug|Any CPU
		{127D7D60-C554-4FC7-A7F8-9A55BCEA2503}.Release|Any CPU.ActiveCfg = Release|Any CPU
		{127D7D60-C554-4FC7-A7F8-9A55BCEA2503}.Release|Any CPU.Build.0 = Release|Any CPU
		{127D7D60-C554-4FC7-A7F8-9A55BCEA2503}.Unittest|Any CPU.ActiveCfg = Unittest|Any CPU
		{127D7D60-C554-4FC7-A7F8-9A55BCEA2503}.Unittest|Any CPU.Build.0 = Unittest|Any CPU
		{6DAA285D-B358-4149-A19C-2660BD1D61EF}.Debug|Any CPU.ActiveCfg = Debug|Any CPU
		{6DAA285D-B358-4149-A19C-2660BD1D61EF}.Debug|Any CPU.Build.0 = Debug|Any CPU
		{6DAA285D-B358-4149-A19C-2660BD1D61EF}.Release|Any CPU.ActiveCfg = Release|Any CPU
		{6DAA285D-B358-4149-A19C-2660BD1D61EF}.Release|Any CPU.Build.0 = Release|Any CPU
		{6DAA285D-B358-4149-A19C-2660BD1D61EF}.Unittest|Any CPU.ActiveCfg = Unittest|Any CPU
		{6DAA285D-B358-4149-A19C-2660BD1D61EF}.Unittest|Any CPU.Build.0 = Unittest|Any CPU
		{2ACF1EDB-9695-4D42-848E-87966DCCCF84}.Debug|Any CPU.ActiveCfg = Debug|Any CPU
		{2ACF1EDB-9695-4D42-848E-87966DCCCF84}.Debug|Any CPU.Build.0 = Debug|Any CPU
		{2ACF1EDB-9695-4D42-848E-87966DCCCF84}.Release|Any CPU.ActiveCfg = Release|Any CPU
		{2ACF1EDB-9695-4D42-848E-87966DCCCF84}.Release|Any CPU.Build.0 = Release|Any CPU
		{2ACF1EDB-9695-4D42-848E-87966DCCCF84}.Unittest|Any CPU.ActiveCfg = Unittest|Any CPU
		{2ACF1EDB-9695-4D42-848E-87966DCCCF84}.Unittest|Any CPU.Build.0 = Unittest|Any CPU
	EndGlobalSection
	GlobalSection(MonoDevelopProperties) = preSolution
		StartupItem = Build_Posix.dproj
	EndGlobalSection
EndGlobal
